{
  "version": 4,
  "terraform_version": "1.3.9",
  "serial": 787,
  "lineage": "cde79285-0b03-f31f-d1bc-f8220b2a4c2e",
  "outputs": {},
  "resources": [
    {
      "mode": "managed",
      "type": "google_bigquery_dataset",
      "name": "mydataset",
      "provider": "provider[\"registry.terraform.io/hashicorp/google\"]",
      "instances": [
        {
          "schema_version": 0,
          "attributes": {
            "access": [
              {
                "dataset": [],
                "domain": "",
                "group_by_email": "",
                "role": "OWNER",
                "routine": [],
                "special_group": "",
                "user_by_email": "ismael.ziyani@wundermanthompson.com",
                "view": []
              },
              {
                "dataset": [],
                "domain": "",
                "group_by_email": "",
                "role": "OWNER",
                "routine": [],
                "special_group": "projectOwners",
                "user_by_email": "",
                "view": []
              },
              {
                "dataset": [],
                "domain": "",
                "group_by_email": "",
                "role": "READER",
                "routine": [],
                "special_group": "projectReaders",
                "user_by_email": "",
                "view": []
              },
              {
                "dataset": [],
                "domain": "",
                "group_by_email": "",
                "role": "WRITER",
                "routine": [],
                "special_group": "projectWriters",
                "user_by_email": "",
                "view": []
              }
            ],
            "creation_time": 1677669335077,
            "dataset_id": "capstonev4_dataset",
            "default_encryption_configuration": [],
            "default_partition_expiration_ms": 0,
            "default_table_expiration_ms": 0,
            "delete_contents_on_destroy": true,
            "description": "This is the dataset for batch and streaming person data",
            "etag": "Rnfpi+quucYXEQeLzWABAw==",
            "friendly_name": "",
            "id": "projects/data-lakehouse-staging/datasets/capstonev4_dataset",
            "labels": {
              "env": "f1-micro"
            },
            "last_modified_time": 1677669335077,
            "location": "EU",
            "max_time_travel_hours": "",
            "project": "data-lakehouse-staging",
            "self_link": "https://bigquery.googleapis.com/bigquery/v2/projects/data-lakehouse-staging/datasets/capstonev4_dataset",
            "timeouts": null
          },
          "sensitive_attributes": [],
          "private": "eyJlMmJmYjczMC1lY2FhLTExZTYtOGY4OC0zNDM2M2JjN2M0YzAiOnsiY3JlYXRlIjoxMjAwMDAwMDAwMDAwLCJkZWxldGUiOjEyMDAwMDAwMDAwMDAsInVwZGF0ZSI6MTIwMDAwMDAwMDAwMH19"
        }
      ]
    },
    {
      "mode": "managed",
      "type": "google_bigquery_table",
      "name": "mytable",
      "provider": "provider[\"registry.terraform.io/hashicorp/google\"]",
      "instances": [
        {
          "schema_version": 0,
          "attributes": {
            "clustering": null,
            "creation_time": 1677669337328,
            "dataset_id": "capstonev4_dataset",
            "deletion_protection": false,
            "description": "",
            "encryption_configuration": [],
            "etag": "LUv/trNakvh1uy2me7KS3Q==",
            "expiration_time": 0,
            "external_data_configuration": [],
            "friendly_name": "",
            "id": "projects/data-lakehouse-staging/datasets/capstonev4_dataset/tables/capstonev4_table",
            "labels": null,
            "last_modified_time": 1677669337724,
            "location": "EU",
            "materialized_view": [],
            "num_bytes": 0,
            "num_long_term_bytes": 0,
            "num_rows": 0,
            "project": "data-lakehouse-staging",
            "range_partitioning": [],
            "schema": "[{\"mode\":\"REQUIRED\",\"name\":\"id\",\"type\":\"INTEGER\"},{\"mode\":\"NULLABLE\",\"name\":\"first_name\",\"type\":\"STRING\"},{\"mode\":\"NULLABLE\",\"name\":\"last_name\",\"type\":\"STRING\"},{\"mode\":\"NULLABLE\",\"name\":\"gender\",\"type\":\"STRING\"},{\"mode\":\"REQUIRED\",\"name\":\"year\",\"type\":\"STRING\"},{\"mode\":\"REQUIRED\",\"name\":\"country\",\"type\":\"STRING\"},{\"mode\":\"REQUIRED\",\"name\":\"email\",\"type\":\"STRING\"}]",
            "self_link": "https://bigquery.googleapis.com/bigquery/v2/projects/data-lakehouse-staging/datasets/capstonev4_dataset/tables/capstonev4_table",
            "table_id": "capstonev4_table",
            "time_partitioning": [],
            "type": "TABLE",
            "view": []
          },
          "sensitive_attributes": [],
          "private": "bnVsbA==",
          "dependencies": [
            "google_bigquery_dataset.mydataset"
          ]
        }
      ]
    },
    {
      "mode": "managed",
      "type": "google_cloud_scheduler_job",
      "name": "job",
      "provider": "provider[\"registry.terraform.io/hashicorp/google\"]",
      "instances": [
        {
          "schema_version": 0,
          "attributes": {
            "app_engine_http_target": [],
            "attempt_deadline": "180s",
            "description": "cron job that triggers cloud function",
            "http_target": [
              {
                "body": "",
                "headers": null,
                "http_method": "GET",
                "oauth_token": [],
                "oidc_token": [],
                "uri": "https://europe-west1-data-lakehouse-staging.cloudfunctions.net/capstonev4"
              }
            ],
            "id": "projects/data-lakehouse-staging/locations/europe-west1/jobs/capstonev4-stream-cron-job",
            "name": "capstonev4-stream-cron-job",
            "paused": false,
            "project": "data-lakehouse-staging",
            "pubsub_target": [],
            "region": "europe-west1",
            "retry_config": [],
            "schedule": "*/2 * * * *",
            "state": "ENABLED",
            "time_zone": "Etc/UTC",
            "timeouts": null
          },
          "sensitive_attributes": [],
          "private": "eyJlMmJmYjczMC1lY2FhLTExZTYtOGY4OC0zNDM2M2JjN2M0YzAiOnsiY3JlYXRlIjoxMjAwMDAwMDAwMDAwLCJkZWxldGUiOjEyMDAwMDAwMDAwMDAsInVwZGF0ZSI6MTIwMDAwMDAwMDAwMH19",
          "dependencies": [
            "google_cloudfunctions_function.function",
            "google_storage_bucket.function-bucket",
            "google_storage_bucket_object.cloudfunction"
          ]
        }
      ]
    },
    {
      "mode": "managed",
      "type": "google_cloudfunctions_function",
      "name": "function",
      "provider": "provider[\"registry.terraform.io/hashicorp/google\"]",
      "instances": [
        {
          "schema_version": 0,
          "attributes": {
            "available_memory_mb": 256,
            "build_environment_variables": null,
            "build_worker_pool": "",
            "description": "Function that returns random people when triggered",
            "docker_registry": "CONTAINER_REGISTRY",
            "docker_repository": "",
            "entry_point": "random_person",
            "environment_variables": null,
            "event_trigger": [],
            "https_trigger_security_level": "SECURE_OPTIONAL",
            "https_trigger_url": "https://europe-west1-data-lakehouse-staging.cloudfunctions.net/capstonev4-function",
            "id": "projects/data-lakehouse-staging/locations/europe-west1/functions/capstonev4-function",
            "ingress_settings": "ALLOW_ALL",
            "kms_key_name": "",
            "labels": null,
            "max_instances": 0,
            "min_instances": 0,
            "name": "capstonev4-function",
            "project": "data-lakehouse-staging",
            "region": "europe-west1",
            "runtime": "python37",
            "secret_environment_variables": [],
            "secret_volumes": [],
            "service_account_email": "data-lakehouse-staging@appspot.gserviceaccount.com",
            "source_archive_bucket": "capstonev4-function-bucket",
            "source_archive_object": "function.zip",
            "source_repository": [],
            "timeout": 100,
            "timeouts": null,
            "trigger_http": true,
            "vpc_connector": "",
            "vpc_connector_egress_settings": ""
          },
          "sensitive_attributes": [],
          "private": "eyJlMmJmYjczMC1lY2FhLTExZTYtOGY4OC0zNDM2M2JjN2M0YzAiOnsiY3JlYXRlIjozMDAwMDAwMDAwMDAsImRlbGV0ZSI6MzAwMDAwMDAwMDAwLCJyZWFkIjozMDAwMDAwMDAwMDAsInVwZGF0ZSI6MzAwMDAwMDAwMDAwfX0=",
          "dependencies": [
            "google_storage_bucket.function-bucket",
            "google_storage_bucket_object.cloudfunction"
          ]
        }
      ]
    },
    {
      "mode": "managed",
      "type": "google_project_iam_member",
      "name": "cloudbuild_sa",
      "provider": "provider[\"registry.terraform.io/hashicorp/google\"]",
      "instances": [
        {
          "index_key": "roles/iam.serviceAccountUser",
          "schema_version": 0,
          "attributes": {
            "condition": [],
            "etag": "BwX11NTzdsk=",
            "id": "data-lakehouse-staging/roles/iam.serviceAccountUser/serviceAccount:5002341089@cloudbuild.gserviceaccount.com",
            "member": "serviceAccount:5002341089@cloudbuild.gserviceaccount.com",
            "project": "data-lakehouse-staging",
            "role": "roles/iam.serviceAccountUser"
          },
          "sensitive_attributes": [],
          "private": "bnVsbA=="
        },
        {
          "index_key": "roles/run.developer",
          "schema_version": 0,
          "attributes": {
            "condition": [],
            "etag": "BwX11NTzdsk=",
            "id": "data-lakehouse-staging/roles/run.developer/serviceAccount:5002341089@cloudbuild.gserviceaccount.com",
            "member": "serviceAccount:5002341089@cloudbuild.gserviceaccount.com",
            "project": "data-lakehouse-staging",
            "role": "roles/run.developer"
          },
          "sensitive_attributes": [],
          "private": "bnVsbA=="
        }
      ]
    },
    {
      "mode": "managed",
      "type": "google_project_iam_member",
      "name": "cloudrun_service_account",
      "provider": "provider[\"registry.terraform.io/hashicorp/google\"]",
      "instances": [
        {
          "index_key": "roles/bigquery.dataEditor",
          "schema_version": 0,
          "attributes": {
            "condition": [],
            "etag": "BwX11NTzdsk=",
            "id": "data-lakehouse-staging/roles/bigquery.dataEditor/serviceAccount:sa-capstonev4@data-lakehouse-staging.iam.gserviceaccount.com",
            "member": "serviceAccount:sa-capstonev4@data-lakehouse-staging.iam.gserviceaccount.com",
            "project": "data-lakehouse-staging",
            "role": "roles/bigquery.dataEditor"
          },
          "sensitive_attributes": [],
          "private": "bnVsbA=="
        },
        {
          "index_key": "roles/bigquery.user",
          "schema_version": 0,
          "attributes": {
            "condition": [],
            "etag": "BwX11NTzdsk=",
            "id": "data-lakehouse-staging/roles/bigquery.user/serviceAccount:sa-capstonev4@data-lakehouse-staging.iam.gserviceaccount.com",
            "member": "serviceAccount:sa-capstonev4@data-lakehouse-staging.iam.gserviceaccount.com",
            "project": "data-lakehouse-staging",
            "role": "roles/bigquery.user"
          },
          "sensitive_attributes": [],
          "private": "bnVsbA=="
        },
        {
          "index_key": "roles/iam.serviceAccountUser",
          "schema_version": 0,
          "attributes": {
            "condition": [],
            "etag": "BwX11NSZsTg=",
            "id": "data-lakehouse-staging/roles/iam.serviceAccountUser/serviceAccount:sa-capstonev4@data-lakehouse-staging.iam.gserviceaccount.com",
            "member": "serviceAccount:sa-capstonev4@data-lakehouse-staging.iam.gserviceaccount.com",
            "project": "data-lakehouse-staging",
            "role": "roles/iam.serviceAccountUser"
          },
          "sensitive_attributes": [],
          "private": "bnVsbA=="
        },
        {
          "index_key": "roles/storage.objectViewer",
          "schema_version": 0,
          "attributes": {
            "condition": [],
            "etag": "BwX11NSZsTg=",
            "id": "data-lakehouse-staging/roles/storage.objectViewer/serviceAccount:sa-capstonev4@data-lakehouse-staging.iam.gserviceaccount.com",
            "member": "serviceAccount:sa-capstonev4@data-lakehouse-staging.iam.gserviceaccount.com",
            "project": "data-lakehouse-staging",
            "role": "roles/storage.objectViewer"
          },
          "sensitive_attributes": [],
          "private": "bnVsbA=="
        }
      ]
    },
    {
      "mode": "managed",
      "type": "google_project_service",
      "name": "apis_to_enable",
      "provider": "provider[\"registry.terraform.io/hashicorp/google\"]",
      "instances": [
        {
          "index_key": "bigquery.googleapis.com",
          "schema_version": 0,
          "attributes": {
            "disable_dependent_services": false,
            "disable_on_destroy": false,
            "id": "data-lakehouse-staging/bigquery.googleapis.com",
            "project": "data-lakehouse-staging",
            "service": "bigquery.googleapis.com",
            "timeouts": null
          },
          "sensitive_attributes": [],
          "private": "eyJlMmJmYjczMC1lY2FhLTExZTYtOGY4OC0zNDM2M2JjN2M0YzAiOnsiY3JlYXRlIjoxMjAwMDAwMDAwMDAwLCJkZWxldGUiOjEyMDAwMDAwMDAwMDAsInJlYWQiOjYwMDAwMDAwMDAwMCwidXBkYXRlIjoxMjAwMDAwMDAwMDAwfX0="
        },
        {
          "index_key": "bigquerymigration.googleapis.com",
          "schema_version": 0,
          "attributes": {
            "disable_dependent_services": false,
            "disable_on_destroy": false,
            "id": "data-lakehouse-staging/bigquerymigration.googleapis.com",
            "project": "data-lakehouse-staging",
            "service": "bigquerymigration.googleapis.com",
            "timeouts": null
          },
          "sensitive_attributes": [],
          "private": "eyJlMmJmYjczMC1lY2FhLTExZTYtOGY4OC0zNDM2M2JjN2M0YzAiOnsiY3JlYXRlIjoxMjAwMDAwMDAwMDAwLCJkZWxldGUiOjEyMDAwMDAwMDAwMDAsInJlYWQiOjYwMDAwMDAwMDAwMCwidXBkYXRlIjoxMjAwMDAwMDAwMDAwfX0="
        },
        {
          "index_key": "bigquerystorage.googleapis.com",
          "schema_version": 0,
          "attributes": {
            "disable_dependent_services": false,
            "disable_on_destroy": false,
            "id": "data-lakehouse-staging/bigquerystorage.googleapis.com",
            "project": "data-lakehouse-staging",
            "service": "bigquerystorage.googleapis.com",
            "timeouts": null
          },
          "sensitive_attributes": [],
          "private": "eyJlMmJmYjczMC1lY2FhLTExZTYtOGY4OC0zNDM2M2JjN2M0YzAiOnsiY3JlYXRlIjoxMjAwMDAwMDAwMDAwLCJkZWxldGUiOjEyMDAwMDAwMDAwMDAsInJlYWQiOjYwMDAwMDAwMDAwMCwidXBkYXRlIjoxMjAwMDAwMDAwMDAwfX0="
        },
        {
          "index_key": "cloudbuild.googleapis.com",
          "schema_version": 0,
          "attributes": {
            "disable_dependent_services": false,
            "disable_on_destroy": false,
            "id": "data-lakehouse-staging/cloudbuild.googleapis.com",
            "project": "data-lakehouse-staging",
            "service": "cloudbuild.googleapis.com",
            "timeouts": null
          },
          "sensitive_attributes": [],
          "private": "eyJlMmJmYjczMC1lY2FhLTExZTYtOGY4OC0zNDM2M2JjN2M0YzAiOnsiY3JlYXRlIjoxMjAwMDAwMDAwMDAwLCJkZWxldGUiOjEyMDAwMDAwMDAwMDAsInJlYWQiOjYwMDAwMDAwMDAwMCwidXBkYXRlIjoxMjAwMDAwMDAwMDAwfX0="
        },
        {
          "index_key": "cloudfunctions.googleapis.com",
          "schema_version": 0,
          "attributes": {
            "disable_dependent_services": false,
            "disable_on_destroy": false,
            "id": "data-lakehouse-staging/cloudfunctions.googleapis.com",
            "project": "data-lakehouse-staging",
            "service": "cloudfunctions.googleapis.com",
            "timeouts": null
          },
          "sensitive_attributes": [],
          "private": "eyJlMmJmYjczMC1lY2FhLTExZTYtOGY4OC0zNDM2M2JjN2M0YzAiOnsiY3JlYXRlIjoxMjAwMDAwMDAwMDAwLCJkZWxldGUiOjEyMDAwMDAwMDAwMDAsInJlYWQiOjYwMDAwMDAwMDAwMCwidXBkYXRlIjoxMjAwMDAwMDAwMDAwfX0="
        },
        {
          "index_key": "run.googleapis.com",
          "schema_version": 0,
          "attributes": {
            "disable_dependent_services": false,
            "disable_on_destroy": false,
            "id": "data-lakehouse-staging/run.googleapis.com",
            "project": "data-lakehouse-staging",
            "service": "run.googleapis.com",
            "timeouts": null
          },
          "sensitive_attributes": [],
          "private": "eyJlMmJmYjczMC1lY2FhLTExZTYtOGY4OC0zNDM2M2JjN2M0YzAiOnsiY3JlYXRlIjoxMjAwMDAwMDAwMDAwLCJkZWxldGUiOjEyMDAwMDAwMDAwMDAsInJlYWQiOjYwMDAwMDAwMDAwMCwidXBkYXRlIjoxMjAwMDAwMDAwMDAwfX0="
        }
      ]
    },
    {
      "mode": "managed",
      "type": "google_pubsub_subscription",
      "name": "batch-deadletter-subscription",
      "provider": "provider[\"registry.terraform.io/hashicorp/google\"]",
      "instances": [
        {
          "schema_version": 0,
          "attributes": {
            "ack_deadline_seconds": 20,
            "bigquery_config": [],
            "dead_letter_policy": [],
            "enable_exactly_once_delivery": false,
            "enable_message_ordering": false,
            "expiration_policy": [
              {
                "ttl": "2678400s"
              }
            ],
            "filter": "",
            "id": "projects/data-lakehouse-staging/subscriptions/capstonev4-batch-deadletter-subscription",
            "labels": null,
            "message_retention_duration": "604800s",
            "name": "capstonev4-batch-deadletter-subscription",
            "project": "data-lakehouse-staging",
            "push_config": [],
            "retain_acked_messages": false,
            "retry_policy": [],
            "timeouts": null,
            "topic": "projects/data-lakehouse-staging/topics/capstonev4-batch-deadletter-topic"
          },
          "sensitive_attributes": [],
          "private": "eyJlMmJmYjczMC1lY2FhLTExZTYtOGY4OC0zNDM2M2JjN2M0YzAiOnsiY3JlYXRlIjoxMjAwMDAwMDAwMDAwLCJkZWxldGUiOjEyMDAwMDAwMDAwMDAsInVwZGF0ZSI6MTIwMDAwMDAwMDAwMH19",
          "dependencies": [
            "google_pubsub_topic.batch-deadletter-topic"
          ]
        }
      ]
    },
    {
      "mode": "managed",
      "type": "google_pubsub_subscription",
      "name": "stream-subscription",
      "provider": "provider[\"registry.terraform.io/hashicorp/google\"]",
      "instances": [
        {
          "schema_version": 0,
          "attributes": {
            "ack_deadline_seconds": 20,
            "bigquery_config": [],
            "dead_letter_policy": [],
            "enable_exactly_once_delivery": false,
            "enable_message_ordering": false,
            "expiration_policy": [
              {
                "ttl": "2678400s"
              }
            ],
            "filter": "",
            "id": "projects/data-lakehouse-staging/subscriptions/capstonev4-stream-subscription",
            "labels": null,
            "message_retention_duration": "604800s",
            "name": "capstonev4-stream-subscription",
            "project": "data-lakehouse-staging",
            "push_config": [],
            "retain_acked_messages": false,
            "retry_policy": [],
            "timeouts": null,
            "topic": "projects/data-lakehouse-staging/topics/capstonev4-stream-topic"
          },
          "sensitive_attributes": [],
          "private": "eyJlMmJmYjczMC1lY2FhLTExZTYtOGY4OC0zNDM2M2JjN2M0YzAiOnsiY3JlYXRlIjoxMjAwMDAwMDAwMDAwLCJkZWxldGUiOjEyMDAwMDAwMDAwMDAsInVwZGF0ZSI6MTIwMDAwMDAwMDAwMH19",
          "dependencies": [
            "google_pubsub_topic.stream-topic"
          ]
        }
      ]
    },
    {
      "mode": "managed",
      "type": "google_pubsub_topic",
      "name": "batch-deadletter-topic",
      "provider": "provider[\"registry.terraform.io/hashicorp/google\"]",
      "instances": [
        {
          "schema_version": 0,
          "attributes": {
            "id": "projects/data-lakehouse-staging/topics/capstonev4-batch-deadletter-topic",
            "kms_key_name": "",
            "labels": null,
            "message_retention_duration": "",
            "message_storage_policy": [],
            "name": "capstonev4-batch-deadletter-topic",
            "project": "data-lakehouse-staging",
            "schema_settings": [],
            "timeouts": null
          },
          "sensitive_attributes": [],
          "private": "eyJlMmJmYjczMC1lY2FhLTExZTYtOGY4OC0zNDM2M2JjN2M0YzAiOnsiY3JlYXRlIjoxMjAwMDAwMDAwMDAwLCJkZWxldGUiOjEyMDAwMDAwMDAwMDAsInVwZGF0ZSI6MTIwMDAwMDAwMDAwMH19"
        }
      ]
    },
    {
      "mode": "managed",
      "type": "google_pubsub_topic",
      "name": "batch-topic",
      "provider": "provider[\"registry.terraform.io/hashicorp/google\"]",
      "instances": [
        {
          "schema_version": 0,
          "attributes": {
            "id": "projects/data-lakehouse-staging/topics/capstonev4-batch-topic",
            "kms_key_name": "",
            "labels": null,
            "message_retention_duration": "",
            "message_storage_policy": [],
            "name": "capstonev4-batch-topic",
            "project": "data-lakehouse-staging",
            "schema_settings": [],
            "timeouts": null
          },
          "sensitive_attributes": [],
          "private": "eyJlMmJmYjczMC1lY2FhLTExZTYtOGY4OC0zNDM2M2JjN2M0YzAiOnsiY3JlYXRlIjoxMjAwMDAwMDAwMDAwLCJkZWxldGUiOjEyMDAwMDAwMDAwMDAsInVwZGF0ZSI6MTIwMDAwMDAwMDAwMH19"
        }
      ]
    },
    {
      "mode": "managed",
      "type": "google_pubsub_topic",
      "name": "stream-topic",
      "provider": "provider[\"registry.terraform.io/hashicorp/google\"]",
      "instances": [
        {
          "schema_version": 0,
          "attributes": {
            "id": "projects/data-lakehouse-staging/topics/capstonev4-stream-topic",
            "kms_key_name": "",
            "labels": null,
            "message_retention_duration": "",
            "message_storage_policy": [],
            "name": "capstonev4-stream-topic",
            "project": "data-lakehouse-staging",
            "schema_settings": [],
            "timeouts": null
          },
          "sensitive_attributes": [],
          "private": "eyJlMmJmYjczMC1lY2FhLTExZTYtOGY4OC0zNDM2M2JjN2M0YzAiOnsiY3JlYXRlIjoxMjAwMDAwMDAwMDAwLCJkZWxldGUiOjEyMDAwMDAwMDAwMDAsInVwZGF0ZSI6MTIwMDAwMDAwMDAwMH19"
        }
      ]
    },
    {
      "mode": "managed",
      "type": "google_service_account",
      "name": "cloudrun_service_account",
      "provider": "provider[\"registry.terraform.io/hashicorp/google\"]",
      "instances": [
        {
          "schema_version": 0,
          "attributes": {
            "account_id": "sa-capstonev4",
            "description": "",
            "disabled": false,
            "display_name": "Cloud Run Service Account",
            "email": "sa-capstonev4@data-lakehouse-staging.iam.gserviceaccount.com",
            "id": "projects/data-lakehouse-staging/serviceAccounts/sa-capstonev4@data-lakehouse-staging.iam.gserviceaccount.com",
            "member": "serviceAccount:sa-capstonev4@data-lakehouse-staging.iam.gserviceaccount.com",
            "name": "projects/data-lakehouse-staging/serviceAccounts/sa-capstonev4@data-lakehouse-staging.iam.gserviceaccount.com",
            "project": "data-lakehouse-staging",
            "timeouts": null,
            "unique_id": "103077769757115784054"
          },
          "sensitive_attributes": [],
          "private": "eyJlMmJmYjczMC1lY2FhLTExZTYtOGY4OC0zNDM2M2JjN2M0YzAiOnsiY3JlYXRlIjozMDAwMDAwMDAwMDB9fQ=="
        }
      ]
    },
    {
      "mode": "managed",
      "type": "google_storage_bucket",
      "name": "bucket-batch",
      "provider": "provider[\"registry.terraform.io/hashicorp/google\"]",
      "instances": [
        {
          "schema_version": 0,
          "attributes": {
            "autoclass": [],
            "cors": [],
            "custom_placement_config": [],
            "default_event_based_hold": false,
            "encryption": [],
            "force_destroy": true,
            "id": "capstonev4-bucket",
            "labels": null,
            "lifecycle_rule": [],
            "location": "EU",
            "logging": [],
            "name": "capstonev4-bucket",
            "project": "data-lakehouse-staging",
            "public_access_prevention": "inherited",
            "requester_pays": false,
            "retention_policy": [],
            "self_link": "https://www.googleapis.com/storage/v1/b/capstonev4-bucket",
            "storage_class": "STANDARD",
            "timeouts": null,
            "uniform_bucket_level_access": false,
            "url": "gs://capstonev4-bucket",
            "versioning": [
              {
                "enabled": false
              }
            ],
            "website": []
          },
          "sensitive_attributes": [],
          "private": "eyJlMmJmYjczMC1lY2FhLTExZTYtOGY4OC0zNDM2M2JjN2M0YzAiOnsiY3JlYXRlIjoyNDAwMDAwMDAwMDAsInJlYWQiOjI0MDAwMDAwMDAwMCwidXBkYXRlIjoyNDAwMDAwMDAwMDB9fQ=="
        }
      ]
    },
    {
      "mode": "managed",
      "type": "google_storage_bucket",
      "name": "function-bucket",
      "provider": "provider[\"registry.terraform.io/hashicorp/google\"]",
      "instances": [
        {
          "schema_version": 0,
          "attributes": {
            "autoclass": [],
            "cors": [],
            "custom_placement_config": [],
            "default_event_based_hold": false,
            "encryption": [],
            "force_destroy": false,
            "id": "capstonev4-function-bucket",
            "labels": null,
            "lifecycle_rule": [],
            "location": "EU",
            "logging": [],
            "name": "capstonev4-function-bucket",
            "project": "data-lakehouse-staging",
            "public_access_prevention": "inherited",
            "requester_pays": false,
            "retention_policy": [],
            "self_link": "https://www.googleapis.com/storage/v1/b/capstonev4-function-bucket",
            "storage_class": "STANDARD",
            "timeouts": null,
            "uniform_bucket_level_access": false,
            "url": "gs://capstonev4-function-bucket",
            "versioning": [],
            "website": []
          },
          "sensitive_attributes": [],
          "private": "eyJlMmJmYjczMC1lY2FhLTExZTYtOGY4OC0zNDM2M2JjN2M0YzAiOnsiY3JlYXRlIjoyNDAwMDAwMDAwMDAsInJlYWQiOjI0MDAwMDAwMDAwMCwidXBkYXRlIjoyNDAwMDAwMDAwMDB9fQ=="
        }
      ]
    },
    {
      "mode": "managed",
      "type": "google_storage_bucket_object",
      "name": "cloudfunction",
      "provider": "provider[\"registry.terraform.io/hashicorp/google\"]",
      "instances": [
        {
          "schema_version": 0,
          "attributes": {
            "bucket": "capstonev4-function-bucket",
            "cache_control": "",
            "content": null,
            "content_disposition": "",
            "content_encoding": "",
            "content_language": "",
            "content_type": "application/zip",
            "crc32c": "b6zLVA==",
            "customer_encryption": [],
            "detect_md5hash": "aboJ6IEFlDPMROBWe0Y8Yw==",
            "event_based_hold": false,
            "id": "capstonev4-function-bucket-function.zip",
            "kms_key_name": "",
            "md5hash": "aboJ6IEFlDPMROBWe0Y8Yw==",
            "media_link": "https://storage.googleapis.com/download/storage/v1/b/capstonev4-function-bucket/o/function.zip?generation=1677669337495561\u0026alt=media",
            "metadata": null,
            "name": "function.zip",
            "output_name": "function.zip",
            "self_link": "https://www.googleapis.com/storage/v1/b/capstonev4-function-bucket/o/function.zip",
            "source": "/Users/ziyanii/dev/exercises/capstone/functions/capstonev4-function.zip",
            "storage_class": "STANDARD",
            "temporary_hold": false,
            "timeouts": null
          },
          "sensitive_attributes": [],
          "private": "eyJlMmJmYjczMC1lY2FhLTExZTYtOGY4OC0zNDM2M2JjN2M0YzAiOnsiY3JlYXRlIjoyNDAwMDAwMDAwMDAsImRlbGV0ZSI6MjQwMDAwMDAwMDAwLCJ1cGRhdGUiOjI0MDAwMDAwMDAwMH19",
          "dependencies": [
            "google_storage_bucket.function-bucket"
          ]
        }
      ]
    },
    {
      "mode": "managed",
      "type": "google_storage_notification",
      "name": "storage_notification",
      "provider": "provider[\"registry.terraform.io/hashicorp/google\"]",
      "instances": [
        {
          "schema_version": 0,
          "attributes": {
            "bucket": "capstonev4-bucket",
            "custom_attributes": null,
            "event_types": [
              "OBJECT_FINALIZE",
              "OBJECT_METADATA_UPDATE"
            ],
            "id": "capstonev4-bucket/notificationConfigs/1",
            "notification_id": "1",
            "object_name_prefix": "",
            "payload_format": "JSON_API_V1",
            "self_link": "https://www.googleapis.com/storage/v1/b/capstonev4-bucket/notificationConfigs/1",
            "topic": "//pubsub.googleapis.com/projects/data-lakehouse-staging/topics/capstonev4-batch-topic"
          },
          "sensitive_attributes": [],
          "private": "bnVsbA==",
          "dependencies": [
            "google_pubsub_topic.batch-topic",
            "google_storage_bucket.bucket-batch"
          ]
        }
      ]
    }
  ],
  "check_results": null
}
